<Solution>
  <Folder Name="/src/">
    <Project Path="src/MackySoft.FileSystem/MackySoft.FileSystem.csproj" />
    <Project Path="src/MackySoft.Text.Vocabularies.Json/MackySoft.Text.Vocabularies.Json.csproj" />
    <Project Path="src/MackySoft.Text.Vocabularies/MackySoft.Text.Vocabularies.csproj" />
  </Folder>
  <Folder Name="/tests/">
    <Project Path="tests/MackySoft.FileSystem.Tests/MackySoft.FileSystem.Tests.csproj" />
    <Project Path="tests/MackySoft.Text.Vocabularies.Json.Tests/MackySoft.Text.Vocabularies.Json.Tests.csproj" />
    <Project Path="tests/MackySoft.Text.Vocabularies.Tests/MackySoft.Text.Vocabularies.Tests.csproj" />
  </Folder>
</Solution>
